
Microsoft Visual Studio Solution File, Format Version 12.00
# Visual Studio Version 17
VisualStudioVersion = 17.0.31903.59
MinimumVisualStudioVersion = 10.0.40219.1
Project("{2150E333-8FDC-42A3-9474-1A3956D46DE8}") = "src", "src", "{827E0CD3-B72D-47B6-A68D-7590B98EB39B}"
EndProject
Project("{2150E333-8FDC-42A3-9474-1A3956D46DE8}") = "Api", "Api", "{81034408-37C8-1011-444E-4C15C2FADA8E}"
EndProject
Project("{FAE04EC0-301F-11D3-BF4B-00C04F79EFBC}") = "PousadaApi", "src\Api\PousadaApi.csproj", "{0DE1283D-B494-4B93-BD93-EE8AFC80F7F9}"
EndProject
Project("{FAE04EC0-301F-11D3-BF4B-00C04F79EFBC}") = "Domain", "src\Domain\Domain.csproj", "{EC0878E7-99C3-48F2-9733-C0321CF3FBB1}"
EndProject
Project("{FAE04EC0-301F-11D3-BF4B-00C04F79EFBC}") = "Application", "src\Application\Application.csproj", "{1C371233-EB75-4B69-9A7F-50FA2ECEC6B7}"
EndProject
Project("{FAE04EC0-301F-11D3-BF4B-00C04F79EFBC}") = "Infrastructure", "src\Infrastructure\Infrastructure.csproj", "{C306DB86-AB98-42FC-A19B-4F969BC0C5B1}"
EndProject
Global
	GlobalSection(SolutionConfigurationPlatforms) = preSolution
		Debug|Any CPU = Debug|Any CPU
		Debug|x64 = Debug|x64
		Debug|x86 = Debug|x86
		Release|Any CPU = Release|Any CPU
		Release|x64 = Release|x64
		Release|x86 = Release|x86
	EndGlobalSection
	GlobalSection(ProjectConfigurationPlatforms) = postSolution
		{0DE1283D-B494-4B93-BD93-EE8AFC80F7F9}.Debug|Any CPU.ActiveCfg = Debug|Any CPU
		{0DE1283D-B494-4B93-BD93-EE8AFC80F7F9}.Debug|Any CPU.Build.0 = Debug|Any CPU
		{0DE1283D-B494-4B93-BD93-EE8AFC80F7F9}.Debug|x64.ActiveCfg = Debug|Any CPU
		{0DE1283D-B494-4B93-BD93-EE8AFC80F7F9}.Debug|x64.Build.0 = Debug|Any CPU
		{0DE1283D-B494-4B93-BD93-EE8AFC80F7F9}.Debug|x86.ActiveCfg = Debug|Any CPU
		{0DE1283D-B494-4B93-BD93-EE8AFC80F7F9}.Debug|x86.Build.0 = Debug|Any CPU
		{0DE1283D-B494-4B93-BD93-EE8AFC80F7F9}.Release|Any CPU.ActiveCfg = Release|Any CPU
		{0DE1283D-B494-4B93-BD93-EE8AFC80F7F9}.Release|Any CPU.Build.0 = Release|Any CPU
		{0DE1283D-B494-4B93-BD93-EE8AFC80F7F9}.Release|x64.ActiveCfg = Release|Any CPU
		{0DE1283D-B494-4B93-BD93-EE8AFC80F7F9}.Release|x64.Build.0 = Release|Any CPU
		{0DE1283D-B494-4B93-BD93-EE8AFC80F7F9}.Release|x86.ActiveCfg = Release|Any CPU
		{0DE1283D-B494-4B93-BD93-EE8AFC80F7F9}.Release|x86.Build.0 = Release|Any CPU
		{EC0878E7-99C3-48F2-9733-C0321CF3FBB1}.Debug|Any CPU.ActiveCfg = Debug|Any CPU
		{EC0878E7-99C3-48F2-9733-C0321CF3FBB1}.Debug|Any CPU.Build.0 = Debug|Any CPU
		{EC0878E7-99C3-48F2-9733-C0321CF3FBB1}.Debug|x64.ActiveCfg = Debug|Any CPU
		{EC0878E7-99C3-48F2-9733-C0321CF3FBB1}.Debug|x64.Build.0 = Debug|Any CPU
		{EC0878E7-99C3-48F2-9733-C0321CF3FBB1}.Debug|x86.ActiveCfg = Debug|Any CPU
		{EC0878E7-99C3-48F2-9733-C0321CF3FBB1}.Debug|x86.Build.0 = Debug|Any CPU
		{EC0878E7-99C3-48F2-9733-C0321CF3FBB1}.Release|Any CPU.ActiveCfg = Release|Any CPU
		{EC0878E7-99C3-48F2-9733-C0321CF3FBB1}.Release|Any CPU.Build.0 = Release|Any CPU
		{EC0878E7-99C3-48F2-9733-C0321CF3FBB1}.Release|x64.ActiveCfg = Release|Any CPU
		{EC0878E7-99C3-48F2-9733-C0321CF3FBB1}.Release|x64.Build.0 = Release|Any CPU
		{EC0878E7-99C3-48F2-9733-C0321CF3FBB1}.Release|x86.ActiveCfg = Release|Any CPU
		{EC0878E7-99C3-48F2-9733-C0321CF3FBB1}.Release|x86.Build.0 = Release|Any CPU
		{1C371233-EB75-4B69-9A7F-50FA2ECEC6B7}.Debug|Any CPU.ActiveCfg = Debug|Any CPU
		{1C371233-EB75-4B69-9A7F-50FA2ECEC6B7}.Debug|Any CPU.Build.0 = Debug|Any CPU
		{1C371233-EB75-4B69-9A7F-50FA2ECEC6B7}.Debug|x64.ActiveCfg = Debug|Any CPU
		{1C371233-EB75-4B69-9A7F-50FA2ECEC6B7}.Debug|x64.Build.0 = Debug|Any CPU
		{1C371233-EB75-4B69-9A7F-50FA2ECEC6B7}.Debug|x86.ActiveCfg = Debug|Any CPU
		{1C371233-EB75-4B69-9A7F-50FA2ECEC6B7}.Debug|x86.Build.0 = Debug|Any CPU
		{1C371233-EB75-4B69-9A7F-50FA2ECEC6B7}.Release|Any CPU.ActiveCfg = Release|Any CPU
		{1C371233-EB75-4B69-9A7F-50FA2ECEC6B7}.Release|Any CPU.Build.0 = Release|Any CPU
		{1C371233-EB75-4B69-9A7F-50FA2ECEC6B7}.Release|x64.ActiveCfg = Release|Any CPU
		{1C371233-EB75-4B69-9A7F-50FA2ECEC6B7}.Release|x64.Build.0 = Release|Any CPU
		{1C371233-EB75-4B69-9A7F-50FA2ECEC6B7}.Release|x86.ActiveCfg = Release|Any CPU
		{1C371233-EB75-4B69-9A7F-50FA2ECEC6B7}.Release|x86.Build.0 = Release|Any CPU
		{C306DB86-AB98-42FC-A19B-4F969BC0C5B1}.Debug|Any CPU.ActiveCfg = Debug|Any CPU
		{C306DB86-AB98-42FC-A19B-4F969BC0C5B1}.Debug|Any CPU.Build.0 = Debug|Any CPU
		{C306DB86-AB98-42FC-A19B-4F969BC0C5B1}.Debug|x64.ActiveCfg = Debug|Any CPU
		{C306DB86-AB98-42FC-A19B-4F969BC0C5B1}.Debug|x64.Build.0 = Debug|Any CPU
		{C306DB86-AB98-42FC-A19B-4F969BC0C5B1}.Debug|x86.ActiveCfg = Debug|Any CPU
		{C306DB86-AB98-42FC-A19B-4F969BC0C5B1}.Debug|x86.Build.0 = Debug|Any CPU
		{C306DB86-AB98-42FC-A19B-4F969BC0C5B1}.Release|Any CPU.ActiveCfg = Release|Any CPU
		{C306DB86-AB98-42FC-A19B-4F969BC0C5B1}.Release|Any CPU.Build.0 = Release|Any CPU
		{C306DB86-AB98-42FC-A19B-4F969BC0C5B1}.Release|x64.ActiveCfg = Release|Any CPU
		{C306DB86-AB98-42FC-A19B-4F969BC0C5B1}.Release|x64.Build.0 = Release|Any CPU
		{C306DB86-AB98-42FC-A19B-4F969BC0C5B1}.Release|x86.ActiveCfg = Release|Any CPU
		{C306DB86-AB98-42FC-A19B-4F969BC0C5B1}.Release|x86.Build.0 = Release|Any CPU
	EndGlobalSection
	GlobalSection(SolutionProperties) = preSolution
		HideSolutionNode = FALSE
	EndGlobalSection
	GlobalSection(NestedProjects) = preSolution
		{81034408-37C8-1011-444E-4C15C2FADA8E} = {827E0CD3-B72D-47B6-A68D-7590B98EB39B}
		{0DE1283D-B494-4B93-BD93-EE8AFC80F7F9} = {81034408-37C8-1011-444E-4C15C2FADA8E}
		{EC0878E7-99C3-48F2-9733-C0321CF3FBB1} = {81034408-37C8-1011-444E-4C15C2FADA8E}
		{1C371233-EB75-4B69-9A7F-50FA2ECEC6B7} = {81034408-37C8-1011-444E-4C15C2FADA8E}
		{C306DB86-AB98-42FC-A19B-4F969BC0C5B1} = {81034408-37C8-1011-444E-4C15C2FADA8E}
	EndGlobalSection
EndGlobal
